
Microsoft Visual Studio Solution File, Format Version 12.00
# Visual Studio Version 17
VisualStudioVersion = 17.14.36623.8
MinimumVisualStudioVersion = 10.0.40219.1
Project("{FAE04EC0-301F-11D3-BF4B-00C04F79EFBC}") = "ClimateMonitorAPI", "ClimateMonitorAPI.csproj", "{8C0F8198-0D8D-4AC5-B8CB-21644A32D47C}"
EndProject
Project("{FAE04EC0-301F-11D3-BF4B-00C04F79EFBC}") = "Domain", "..\Domain\Domain.csproj", "{5160E91F-5FEC-420C-B026-CFB3702AD8F4}"
EndProject
Project("{FAE04EC0-301F-11D3-BF4B-00C04F79EFBC}") = "Persistence", "..\Persistence\Persistence.csproj", "{B1F9699A-4754-4489-81B7-B24914BAC03F}"
EndProject
Project("{FAE04EC0-301F-11D3-BF4B-00C04F79EFBC}") = "Infrastructure", "..\Infrastructure\Infrastructure.csproj", "{1BBF454F-AF2D-4F72-A0BA-A83FF7E67F45}"
EndProject
Project("{FAE04EC0-301F-11D3-BF4B-00C04F79EFBC}") = "Application", "..\Application\Application.csproj", "{8295AD16-BAB7-4D4F-82BE-D450C668BF67}"
EndProject
Global
	GlobalSection(SolutionConfigurationPlatforms) = preSolution
		Debug|Any CPU = Debug|Any CPU
		Release|Any CPU = Release|Any CPU
	EndGlobalSection
	GlobalSection(ProjectConfigurationPlatforms) = postSolution
		{8C0F8198-0D8D-4AC5-B8CB-21644A32D47C}.Debug|Any CPU.ActiveCfg = Debug|Any CPU
		{8C0F8198-0D8D-4AC5-B8CB-21644A32D47C}.Debug|Any CPU.Build.0 = Debug|Any CPU
		{8C0F8198-0D8D-4AC5-B8CB-21644A32D47C}.Release|Any CPU.ActiveCfg = Release|Any CPU
		{8C0F8198-0D8D-4AC5-B8CB-21644A32D47C}.Release|Any CPU.Build.0 = Release|Any CPU
		{5160E91F-5FEC-420C-B026-CFB3702AD8F4}.Debug|Any CPU.ActiveCfg = Debug|Any CPU
		{5160E91F-5FEC-420C-B026-CFB3702AD8F4}.Debug|Any CPU.Build.0 = Debug|Any CPU
		{5160E91F-5FEC-420C-B026-CFB3702AD8F4}.Release|Any CPU.ActiveCfg = Release|Any CPU
		{5160E91F-5FEC-420C-B026-CFB3702AD8F4}.Release|Any CPU.Build.0 = Release|Any CPU
		{B1F9699A-4754-4489-81B7-B24914BAC03F}.Debug|Any CPU.ActiveCfg = Debug|Any CPU
		{B1F9699A-4754-4489-81B7-B24914BAC03F}.Debug|Any CPU.Build.0 = Debug|Any CPU
		{B1F9699A-4754-4489-81B7-B24914BAC03F}.Release|Any CPU.ActiveCfg = Release|Any CPU
		{B1F9699A-4754-4489-81B7-B24914BAC03F}.Release|Any CPU.Build.0 = Release|Any CPU
		{1BBF454F-AF2D-4F72-A0BA-A83FF7E67F45}.Debug|Any CPU.ActiveCfg = Debug|Any CPU
		{1BBF454F-AF2D-4F72-A0BA-A83FF7E67F45}.Debug|Any CPU.Build.0 = Debug|Any CPU
		{1BBF454F-AF2D-4F72-A0BA-A83FF7E67F45}.Release|Any CPU.ActiveCfg = Release|Any CPU
		{1BBF454F-AF2D-4F72-A0BA-A83FF7E67F45}.Release|Any CPU.Build.0 = Release|Any CPU
		{8295AD16-BAB7-4D4F-82BE-D450C668BF67}.Debug|Any CPU.ActiveCfg = Debug|Any CPU
		{8295AD16-BAB7-4D4F-82BE-D450C668BF67}.Debug|Any CPU.Build.0 = Debug|Any CPU
		{8295AD16-BAB7-4D4F-82BE-D450C668BF67}.Release|Any CPU.ActiveCfg = Release|Any CPU
		{8295AD16-BAB7-4D4F-82BE-D450C668BF67}.Release|Any CPU.Build.0 = Release|Any CPU
	EndGlobalSection
	GlobalSection(SolutionProperties) = preSolution
		HideSolutionNode = FALSE
	EndGlobalSection
	GlobalSection(ExtensibilityGlobals) = postSolution
		SolutionGuid = {145B45B7-9415-4C2E-ABD8-1098D5EFC91A}
	EndGlobalSection
EndGlobal
